// !$*UTF8*$!
{
	archiveVersion = 1;
	classes = {
	};
	objectVersion = 56;
	objects = {

/* Begin PBXBuildFile section */
		53087EAA2ADFDEE80073C8DB /* SAA_MedikamenteApp.swift in Sources */ = {isa = PBXBuildFile; fileRef = 53087EA92ADFDEE80073C8DB /* SAA_MedikamenteApp.swift */; };
		53087EAC2ADFDEE80073C8DB /* ContentView.swift in Sources */ = {isa = PBXBuildFile; fileRef = 53087EAB2ADFDEE80073C8DB /* ContentView.swift */; };
		53087EAE2ADFDEE90073C8DB /* Assets.xcassets in Resources */ = {isa = PBXBuildFile; fileRef = 53087EAD2ADFDEE90073C8DB /* Assets.xcassets */; };
		53087EB12ADFDEE90073C8DB /* Preview Assets.xcassets in Resources */ = {isa = PBXBuildFile; fileRef = 53087EB02ADFDEE90073C8DB /* Preview Assets.xcassets */; };
		53087EBB2ADFDEE90073C8DB /* SAA_MedikamenteTests.swift in Sources */ = {isa = PBXBuildFile; fileRef = 53087EBA2ADFDEE90073C8DB /* SAA_MedikamenteTests.swift */; };
		53087EC52ADFDEE90073C8DB /* SAA_MedikamenteUITests.swift in Sources */ = {isa = PBXBuildFile; fileRef = 53087EC42ADFDEE90073C8DB /* SAA_MedikamenteUITests.swift */; };
		53087EC72ADFDEE90073C8DB /* SAA_MedikamenteUITestsLaunchTests.swift in Sources */ = {isa = PBXBuildFile; fileRef = 53087EC62ADFDEE90073C8DB /* SAA_MedikamenteUITestsLaunchTests.swift */; };
/* End PBXBuildFile section */

/* Begin PBXContainerItemProxy section */
		53087EB72ADFDEE90073C8DB /* PBXContainerItemProxy */ = {
			isa = PBXContainerItemProxy;
			containerPortal = 53087E9E2ADFDEE80073C8DB /* Project object */;
			proxyType = 1;
			remoteGlobalIDString = 53087EA52ADFDEE80073C8DB;
			remoteInfo = "SAA Medikamente";
		};
		53087EC12ADFDEE90073C8DB /* PBXContainerItemProxy */ = {
			isa = PBXContainerItemProxy;
			containerPortal = 53087E9E2ADFDEE80073C8DB /* Project object */;
			proxyType = 1;
			remoteGlobalIDString = 53087EA52ADFDEE80073C8DB;
			remoteInfo = "SAA Medikamente";
		};
/* End PBXContainerItemProxy section */

/* Begin PBXFileReference section */
		53087EA62ADFDEE80073C8DB /* SAA Medikamente.app */ = {isa = PBXFileReference; explicitFileType = wrapper.application; includeInIndex = 0; path = "SAA Medikamente.app"; sourceTree = BUILT_PRODUCTS_DIR; };
		53087EA92ADFDEE80073C8DB /* SAA_MedikamenteApp.swift */ = {isa = PBXFileReference; lastKnownFileType = sourcecode.swift; path = SAA_MedikamenteApp.swift; sourceTree = "<group>"; };
		53087EAB2ADFDEE80073C8DB /* ContentView.swift */ = {isa = PBXFileReference; lastKnownFileType = sourcecode.swift; path = ContentView.swift; sourceTree = "<group>"; };
		53087EAD2ADFDEE90073C8DB /* Assets.xcassets */ = {isa = PBXFileReference; lastKnownFileType = folder.assetcatalog; path = Assets.xcassets; sourceTree = "<group>"; };
		53087EB02ADFDEE90073C8DB /* Preview Assets.xcassets */ = {isa = PBXFileReference; lastKnownFileType = folder.assetcatalog; path = "Preview Assets.xcassets"; sourceTree = "<group>"; };
		53087EB62ADFDEE90073C8DB /* SAA MedikamenteTests.xctest */ = {isa = PBXFileReference; explicitFileType = wrapper.cfbundle; includeInIndex = 0; path = "SAA MedikamenteTests.xctest"; sourceTree = BUILT_PRODUCTS_DIR; };
		53087EBA2ADFDEE90073C8DB /* SAA_MedikamenteTests.swift */ = {isa = PBXFileReference; lastKnownFileType = sourcecode.swift; path = SAA_MedikamenteTests.swift; sourceTree = "<group>"; };
		53087EC02ADFDEE90073C8DB /* SAA MedikamenteUITests.xctest */ = {isa = PBXFileReference; explicitFileType = wrapper.cfbundle; includeInIndex = 0; path = "SAA MedikamenteUITests.xctest"; sourceTree = BUILT_PRODUCTS_DIR; };
		53087EC42ADFDEE90073C8DB /* SAA_MedikamenteUITests.swift */ = {isa = PBXFileReference; lastKnownFileType = sourcecode.swift; path = SAA_MedikamenteUITests.swift; sourceTree = "<group>"; };
		53087EC62ADFDEE90073C8DB /* SAA_MedikamenteUITestsLaunchTests.swift */ = {isa = PBXFileReference; lastKnownFileType = sourcecode.swift; path = SAA_MedikamenteUITestsLaunchTests.swift; sourceTree = "<group>"; };
/* End PBXFileReference section */

/* Begin PBXFrameworksBuildPhase section */
		53087EA32ADFDEE80073C8DB /* Frameworks */ = {
			isa = PBXFrameworksBuildPhase;
			buildActionMask = 2147483647;
			files = (
			);
			runOnlyForDeploymentPostprocessing = 0;
		};
		53087EB32ADFDEE90073C8DB /* Frameworks */ = {
			isa = PBXFrameworksBuildPhase;
			buildActionMask = 2147483647;
			files = (
			);
			runOnlyForDeploymentPostprocessing = 0;
		};
		53087EBD2ADFDEE90073C8DB /* Frameworks */ = {
			isa = PBXFrameworksBuildPhase;
			buildActionMask = 2147483647;
			files = (
			);
			runOnlyForDeploymentPostprocessing = 0;
		};
/* End PBXFrameworksBuildPhase section */

/* Begin PBXGroup section */
		53087E9D2ADFDEE80073C8DB = {
			isa = PBXGroup;
			children = (
				53087EA82ADFDEE80073C8DB /* SAA Medikamente */,
				53087EB92ADFDEE90073C8DB /* SAA MedikamenteTests */,
				53087EC32ADFDEE90073C8DB /* SAA MedikamenteUITests */,
				53087EA72ADFDEE80073C8DB /* Products */,
			);
			sourceTree = "<group>";
		};
		53087EA72ADFDEE80073C8DB /* Products */ = {
			isa = PBXGroup;
			children = (
				53087EA62ADFDEE80073C8DB /* SAA Medikamente.app */,
				53087EB62ADFDEE90073C8DB /* SAA MedikamenteTests.xctest */,
				53087EC02ADFDEE90073C8DB /* SAA MedikamenteUITests.xctest */,
			);
			name = Products;
			sourceTree = "<group>";
		};
		53087EA82ADFDEE80073C8DB /* SAA Medikamente */ = {
			isa = PBXGroup;
			children = (
				53087EA92ADFDEE80073C8DB /* SAA_MedikamenteApp.swift */,
				53087EAB2ADFDEE80073C8DB /* ContentView.swift */,
				53087EAD2ADFDEE90073C8DB /* Assets.xcassets */,
				53087EAF2ADFDEE90073C8DB /* Preview Content */,
			);
			path = "SAA Medikamente";
			sourceTree = "<group>";
		};
		53087EAF2ADFDEE90073C8DB /* Preview Content */ = {
			isa = PBXGroup;
			children = (
				53087EB02ADFDEE90073C8DB /* Preview Assets.xcassets */,
			);
			path = "Preview Content";
			sourceTree = "<group>";
		};
		53087EB92ADFDEE90073C8DB /* SAA MedikamenteTests */ = {
			isa = PBXGroup;
			children = (
				53087EBA2ADFDEE90073C8DB /* SAA_MedikamenteTests.swift */,
			);
			path = "SAA MedikamenteTests";
			sourceTree = "<group>";
		};
		53087EC32ADFDEE90073C8DB /* SAA MedikamenteUITests */ = {
			isa = PBXGroup;
			children = (
				53087EC42ADFDEE90073C8DB /* SAA_MedikamenteUITests.swift */,
				53087EC62ADFDEE90073C8DB /* SAA_MedikamenteUITestsLaunchTests.swift */,
			);
			path = "SAA MedikamenteUITests";
			sourceTree = "<group>";
		};
/* End PBXGroup section */

/* Begin PBXNativeTarget section */
		53087EA52ADFDEE80073C8DB /* SAA Medikamente */ = {
			isa = PBXNativeTarget;
			buildConfigurationList = 53087ECA2ADFDEE90073C8DB /* Build configuration list for PBXNativeTarget "SAA Medikamente" */;
			buildPhases = (
				53087EA22ADFDEE80073C8DB /* Sources */,
				53087EA32ADFDEE80073C8DB /* Frameworks */,
				53087EA42ADFDEE80073C8DB /* Resources */,
			);
			buildRules = (
			);
			dependencies = (
			);
			name = "SAA Medikamente";
			productName = "SAA Medikamente";
			productReference = 53087EA62ADFDEE80073C8DB /* SAA Medikamente.app */;
			productType = "com.apple.product-type.application";
		};
		53087EB52ADFDEE90073C8DB /* SAA MedikamenteTests */ = {
			isa = PBXNativeTarget;
			buildConfigurationList = 53087ECD2ADFDEE90073C8DB /* Build configuration list for PBXNativeTarget "SAA MedikamenteTests" */;
			buildPhases = (
				53087EB22ADFDEE90073C8DB /* Sources */,
				53087EB32ADFDEE90073C8DB /* Frameworks */,
				53087EB42ADFDEE90073C8DB /* Resources */,
			);
			buildRules = (
			);
			dependencies = (
				53087EB82ADFDEE90073C8DB /* PBXTargetDependency */,
			);
			name = "SAA MedikamenteTests";
			productName = "SAA MedikamenteTests";
			productReference = 53087EB62ADFDEE90073C8DB /* SAA MedikamenteTests.xctest */;
			productType = "com.apple.product-type.bundle.unit-test";
		};
		53087EBF2ADFDEE90073C8DB /* SAA MedikamenteUITests */ = {
			isa = PBXNativeTarget;
			buildConfigurationList = 53087ED02ADFDEE90073C8DB /* Build configuration list for PBXNativeTarget "SAA MedikamenteUITests" */;
			buildPhases = (
				53087EBC2ADFDEE90073C8DB /* Sources */,
				53087EBD2ADFDEE90073C8DB /* Frameworks */,
				53087EBE2ADFDEE90073C8DB /* Resources */,
			);
			buildRules = (
			);
			dependencies = (
				53087EC22ADFDEE90073C8DB /* PBXTargetDependency */,
			);
			name = "SAA MedikamenteUITests";
			productName = "SAA MedikamenteUITests";
			productReference = 53087EC02ADFDEE90073C8DB /* SAA MedikamenteUITests.xctest */;
			productType = "com.apple.product-type.bundle.ui-testing";
		};
/* End PBXNativeTarget section */

/* Begin PBXProject section */
		53087E9E2ADFDEE80073C8DB /* Project object */ = {
			isa = PBXProject;
			attributes = {
				BuildIndependentTargetsInParallel = 1;
				LastSwiftUpdateCheck = 1500;
				LastUpgradeCheck = 1500;
				TargetAttributes = {
					53087EA52ADFDEE80073C8DB = {
						CreatedOnToolsVersion = 15.0;
					};
					53087EB52ADFDEE90073C8DB = {
						CreatedOnToolsVersion = 15.0;
						TestTargetID = 53087EA52ADFDEE80073C8DB;
					};
					53087EBF2ADFDEE90073C8DB = {
						CreatedOnToolsVersion = 15.0;
						TestTargetID = 53087EA52ADFDEE80073C8DB;
					};
				};
			};
			buildConfigurationList = 53087EA12ADFDEE80073C8DB /* Build configuration list for PBXProject "SAA Medikamente" */;
			compatibilityVersion = "Xcode 14.0";
			developmentRegion = en;
			hasScannedForEncodings = 0;
			knownRegions = (
				en,
				Base,
			);
			mainGroup = 53087E9D2ADFDEE80073C8DB;
			productRefGroup = 53087EA72ADFDEE80073C8DB /* Products */;
			projectDirPath = "";
			projectRoot = "";
			targets = (
				53087EA52ADFDEE80073C8DB /* SAA Medikamente */,
				53087EB52ADFDEE90073C8DB /* SAA MedikamenteTests */,
				53087EBF2ADFDEE90073C8DB /* SAA MedikamenteUITests */,
			);
		};
/* End PBXProject section */

/* Begin PBXResourcesBuildPhase section */
		53087EA42ADFDEE80073C8DB /* Resources */ = {
			isa = PBXResourcesBuildPhase;
			buildActionMask = 2147483647;
			files = (
				53087EB12ADFDEE90073C8DB /* Preview Assets.xcassets in Resources */,
				53087EAE2ADFDEE90073C8DB /* Assets.xcassets in Resources */,
			);
			runOnlyForDeploymentPostprocessing = 0;
		};
		53087EB42ADFDEE90073C8DB /* Resources */ = {
			isa = PBXResourcesBuildPhase;
			buildActionMask = 2147483647;
			files = (
			);
			runOnlyForDeploymentPostprocessing = 0;
		};
		53087EBE2ADFDEE90073C8DB /* Resources */ = {
			isa = PBXResourcesBuildPhase;
			buildActionMask = 2147483647;
			files = (
			);
			runOnlyForDeploymentPostprocessing = 0;
		};
/* End PBXResourcesBuildPhase section */

/* Begin PBXSourcesBuildPhase section */
		53087EA22ADFDEE80073C8DB /* Sources */ = {
			isa = PBXSourcesBuildPhase;
			buildActionMask = 2147483647;
			files = (
				53087EAC2ADFDEE80073C8DB /* ContentView.swift in Sources */,
				53087EAA2ADFDEE80073C8DB /* SAA_MedikamenteApp.swift in Sources */,
			);
			runOnlyForDeploymentPostprocessing = 0;
		};
		53087EB22ADFDEE90073C8DB /* Sources */ = {
			isa = PBXSourcesBuildPhase;
			buildActionMask = 2147483647;
			files = (
				53087EBB2ADFDEE90073C8DB /* SAA_MedikamenteTests.swift in Sources */,
			);
			runOnlyForDeploymentPostprocessing = 0;
		};
		53087EBC2ADFDEE90073C8DB /* Sources */ = {
			isa = PBXSourcesBuildPhase;
			buildActionMask = 2147483647;
			files = (
				53087EC52ADFDEE90073C8DB /* SAA_MedikamenteUITests.swift in Sources */,
				53087EC72ADFDEE90073C8DB /* SAA_MedikamenteUITestsLaunchTests.swift in Sources */,
			);
			runOnlyForDeploymentPostprocessing = 0;
		};
/* End PBXSourcesBuildPhase section */

/* Begin PBXTargetDependency section */
		53087EB82ADFDEE90073C8DB /* PBXTargetDependency */ = {
			isa = PBXTargetDependency;
			target = 53087EA52ADFDEE80073C8DB /* SAA Medikamente */;
			targetProxy = 53087EB72ADFDEE90073C8DB /* PBXContainerItemProxy */;
		};
		53087EC22ADFDEE90073C8DB /* PBXTargetDependency */ = {
			isa = PBXTargetDependency;
			target = 53087EA52ADFDEE80073C8DB /* SAA Medikamente */;
			targetProxy = 53087EC12ADFDEE90073C8DB /* PBXContainerItemProxy */;
		};
/* End PBXTargetDependency section */

/* Begin XCBuildConfiguration section */
		53087EC82ADFDEE90073C8DB /* Debug */ = {
			isa = XCBuildConfiguration;
			buildSettings = {
				ALWAYS_SEARCH_USER_PATHS = NO;
				ASSETCATALOG_COMPILER_GENERATE_SWIFT_ASSET_SYMBOL_EXTENSIONS = YES;
				CLANG_ANALYZER_NONNULL = YES;
				CLANG_ANALYZER_NUMBER_OBJECT_CONVERSION = YES_AGGRESSIVE;
				CLANG_CXX_LANGUAGE_STANDARD = "gnu++20";
				CLANG_ENABLE_MODULES = YES;
				CLANG_ENABLE_OBJC_ARC = YES;
				CLANG_ENABLE_OBJC_WEAK = YES;
				CLANG_WARN_BLOCK_CAPTURE_AUTORELEASING = YES;
				CLANG_WARN_BOOL_CONVERSION = YES;
				CLANG_WARN_COMMA = YES;
				CLANG_WARN_CONSTANT_CONVERSION = YES;
				CLANG_WARN_DEPRECATED_OBJC_IMPLEMENTATIONS = YES;
				CLANG_WARN_DIRECT_OBJC_ISA_USAGE = YES_ERROR;
				CLANG_WARN_DOCUMENTATION_COMMENTS = YES;
				CLANG_WARN_EMPTY_BODY = YES;
				CLANG_WARN_ENUM_CONVERSION = YES;
				CLANG_WARN_INFINITE_RECURSION = YES;
				CLANG_WARN_INT_CONVERSION = YES;
				CLANG_WARN_NON_LITERAL_NULL_CONVERSION = YES;
				CLANG_WARN_OBJC_IMPLICIT_RETAIN_SELF = YES;
				CLANG_WARN_OBJC_LITERAL_CONVERSION = YES;
				CLANG_WARN_OBJC_ROOT_CLASS = YES_ERROR;
				CLANG_WARN_QUOTED_INCLUDE_IN_FRAMEWORK_HEADER = YES;
				CLANG_WARN_RANGE_LOOP_ANALYSIS = YES;
				CLANG_WARN_STRICT_PROTOTYPES = YES;
				CLANG_WARN_SUSPICIOUS_MOVE = YES;
				CLANG_WARN_UNGUARDED_AVAILABILITY = YES_AGGRESSIVE;
				CLANG_WARN_UNREACHABLE_CODE = YES;
				CLANG_WARN__DUPLICATE_METHOD_MATCH = YES;
				COPY_PHASE_STRIP = NO;
				DEBUG_INFORMATION_FORMAT = dwarf;
				ENABLE_STRICT_OBJC_MSGSEND = YES;
				ENABLE_TESTABILITY = YES;
				ENABLE_USER_SCRIPT_SANDBOXING = YES;
				GCC_C_LANGUAGE_STANDARD = gnu17;
				GCC_DYNAMIC_NO_PIC = NO;
				GCC_NO_COMMON_BLOCKS = YES;
				GCC_OPTIMIZATION_LEVEL = 0;
				GCC_PREPROCESSOR_DEFINITIONS = (
					"DEBUG=1",
					"$(inherited)",
				);
				GCC_WARN_64_TO_32_BIT_CONVERSION = YES;
				GCC_WARN_ABOUT_RETURN_TYPE = YES_ERROR;
				GCC_WARN_UNDECLARED_SELECTOR = YES;
				GCC_WARN_UNINITIALIZED_AUTOS = YES_AGGRESSIVE;
				GCC_WARN_UNUSED_FUNCTION = YES;
				GCC_WARN_UNUSED_VARIABLE = YES;
				IPHONEOS_DEPLOYMENT_TARGET = 17.0;
				LOCALIZATION_PREFERS_STRING_CATALOGS = YES;
				MTL_ENABLE_DEBUG_INFO = INCLUDE_SOURCE;
				MTL_FAST_MATH = YES;
				ONLY_ACTIVE_ARCH = YES;
				SDKROOT = iphoneos;
				SWIFT_ACTIVE_COMPILATION_CONDITIONS = "DEBUG $(inherited)";
				SWIFT_OPTIMIZATION_LEVEL = "-Onone";
			};
			name = Debug;
		};
		53087EC92ADFDEE90073C8DB /* Release */ = {
			isa = XCBuildConfiguration;
			buildSettings = {
				ALWAYS_SEARCH_USER_PATHS = NO;
				ASSETCATALOG_COMPILER_GENERATE_SWIFT_ASSET_SYMBOL_EXTENSIONS = YES;
				CLANG_ANALYZER_NONNULL = YES;
				CLANG_ANALYZER_NUMBER_OBJECT_CONVERSION = YES_AGGRESSIVE;
				CLANG_CXX_LANGUAGE_STANDARD = "gnu++20";
				CLANG_ENABLE_MODULES = YES;
				CLANG_ENABLE_OBJC_ARC = YES;
				CLANG_ENABLE_OBJC_WEAK = YES;
				CLANG_WARN_BLOCK_CAPTURE_AUTORELEASING = YES;
				CLANG_WARN_BOOL_CONVERSION = YES;
				CLANG_WARN_COMMA = YES;
				CLANG_WARN_CONSTANT_CONVERSION = YES;
				CLANG_WARN_DEPRECATED_OBJC_IMPLEMENTATIONS = YES;
				CLANG_WARN_DIRECT_OBJC_ISA_USAGE = YES_ERROR;
				CLANG_WARN_DOCUMENTATION_COMMENTS = YES;
				CLANG_WARN_EMPTY_BODY = YES;
				CLANG_WARN_ENUM_CONVERSION = YES;
				CLANG_WARN_INFINITE_RECURSION = YES;
				CLANG_WARN_INT_CONVERSION = YES;
				CLANG_WARN_NON_LITERAL_NULL_CONVERSION = YES;
				CLANG_WARN_OBJC_IMPLICIT_RETAIN_SELF = YES;
				CLANG_WARN_OBJC_LITERAL_CONVERSION = YES;
				CLANG_WARN_OBJC_ROOT_CLASS = YES_ERROR;
				CLANG_WARN_QUOTED_INCLUDE_IN_FRAMEWORK_HEADER = YES;
				CLANG_WARN_RANGE_LOOP_ANALYSIS = YES;
				CLANG_WARN_STRICT_PROTOTYPES = YES;
				CLANG_WARN_SUSPICIOUS_MOVE = YES;
				CLANG_WARN_UNGUARDED_AVAILABILITY = YES_AGGRESSIVE;
				CLANG_WARN_UNREACHABLE_CODE = YES;
				CLANG_WARN__DUPLICATE_METHOD_MATCH = YES;
				COPY_PHASE_STRIP = NO;
				DEBUG_INFORMATION_FORMAT = "dwarf-with-dsym";
				ENABLE_NS_ASSERTIONS = NO;
				ENABLE_STRICT_OBJC_MSGSEND = YES;
				ENABLE_USER_SCRIPT_SANDBOXING = YES;
				GCC_C_LANGUAGE_STANDARD = gnu17;
				GCC_NO_COMMON_BLOCKS = YES;
				GCC_WARN_64_TO_32_BIT_CONVERSION = YES;
				GCC_WARN_ABOUT_RETURN_TYPE = YES_ERROR;
				GCC_WARN_UNDECLARED_SELECTOR = YES;
				GCC_WARN_UNINITIALIZED_AUTOS = YES_AGGRESSIVE;
				GCC_WARN_UNUSED_FUNCTION = YES;
				GCC_WARN_UNUSED_VARIABLE = YES;
				IPHONEOS_DEPLOYMENT_TARGET = 17.0;
				LOCALIZATION_PREFERS_STRING_CATALOGS = YES;
				MTL_ENABLE_DEBUG_INFO = NO;
				MTL_FAST_MATH = YES;
				SDKROOT = iphoneos;
				SWIFT_COMPILATION_MODE = wholemodule;
				VALIDATE_PRODUCT = YES;
			};
			name = Release;
		};
		53087ECB2ADFDEE90073C8DB /* Debug */ = {
			isa = XCBuildConfiguration;
			buildSettings = {
				ASSETCATALOG_COMPILER_APPICON_NAME = AppIcon;
				ASSETCATALOG_COMPILER_GLOBAL_ACCENT_COLOR_NAME = AccentColor;
				CODE_SIGN_STYLE = Automatic;
				CURRENT_PROJECT_VERSION = 1;
				DEVELOPMENT_ASSET_PATHS = "\"SAA Medikamente/Preview Content\"";
				DEVELOPMENT_TEAM = B3CB63D9M9;
				ENABLE_PREVIEWS = YES;
				GENERATE_INFOPLIST_FILE = YES;
				INFOPLIST_KEY_UIApplicationSceneManifest_Generation = YES;
				INFOPLIST_KEY_UIApplicationSupportsIndirectInputEvents = YES;
				INFOPLIST_KEY_UILaunchScreen_Generation = YES;
				INFOPLIST_KEY_UISupportedInterfaceOrientations_iPad = "UIInterfaceOrientationPortrait UIInterfaceOrientationPortraitUpsideDown UIInterfaceOrientationLandscapeLeft UIInterfaceOrientationLandscapeRight";
				INFOPLIST_KEY_UISupportedInterfaceOrientations_iPhone = "UIInterfaceOrientationPortrait UIInterfaceOrientationLandscapeLeft UIInterfaceOrientationLandscapeRight";
				LD_RUNPATH_SEARCH_PATHS = (
					"$(inherited)",
					"@executable_path/Frameworks",
				);
				MARKETING_VERSION = 1.0;
				PRODUCT_BUNDLE_IDENTIFIER = "com.applications.laurinbraeunig.SAA-Medikamente";
				PRODUCT_NAME = "$(TARGET_NAME)";
				SWIFT_EMIT_LOC_STRINGS = YES;
				SWIFT_VERSION = 5.0;
				TARGETED_DEVICE_FAMILY = "1,2";
			};
			name = Debug;
		};
		53087ECC2ADFDEE90073C8DB /* Release */ = {
			isa = XCBuildConfiguration;
			buildSettings = {
				ASSETCATALOG_COMPILER_APPICON_NAME = AppIcon;
				ASSETCATALOG_COMPILER_GLOBAL_ACCENT_COLOR_NAME = AccentColor;
				CODE_SIGN_STYLE = Automatic;
				CURRENT_PROJECT_VERSION = 1;
				DEVELOPMENT_ASSET_PATHS = "\"SAA Medikamente/Preview Content\"";
				DEVELOPMENT_TEAM = B3CB63D9M9;
				ENABLE_PREVIEWS = YES;
				GENERATE_INFOPLIST_FILE = YES;
				INFOPLIST_KEY_UIApplicationSceneManifest_Generation = YES;
				INFOPLIST_KEY_UIApplicationSupportsIndirectInputEvents = YES;
				INFOPLIST_KEY_UILaunchScreen_Generation = YES;
				INFOPLIST_KEY_UISupportedInterfaceOrientations_iPad = "UIInterfaceOrientationPortrait UIInterfaceOrientationPortraitUpsideDown UIInterfaceOrientationLandscapeLeft UIInterfaceOrientationLandscapeRight";
				INFOPLIST_KEY_UISupportedInterfaceOrientations_iPhone = "UIInterfaceOrientationPortrait UIInterfaceOrientationLandscapeLeft UIInterfaceOrientationLandscapeRight";
				LD_RUNPATH_SEARCH_PATHS = (
					"$(inherited)",
					"@executable_path/Frameworks",
				);
				MARKETING_VERSION = 1.0;
				PRODUCT_BUNDLE_IDENTIFIER = "com.applications.laurinbraeunig.SAA-Medikamente";
				PRODUCT_NAME = "$(TARGET_NAME)";
				SWIFT_EMIT_LOC_STRINGS = YES;
				SWIFT_VERSION = 5.0;
				TARGETED_DEVICE_FAMILY = "1,2";
			};
			name = Release;
		};
		53087ECE2ADFDEE90073C8DB /* Debug */ = {
			isa = XCBuildConfiguration;
			buildSettings = {
				ALWAYS_EMBED_SWIFT_STANDARD_LIBRARIES = YES;
				BUNDLE_LOADER = "$(TEST_HOST)";
				CODE_SIGN_STYLE = Automatic;
				CURRENT_PROJECT_VERSION = 1;
				DEVELOPMENT_TEAM = B3CB63D9M9;
				GENERATE_INFOPLIST_FILE = YES;
				IPHONEOS_DEPLOYMENT_TARGET = 17.0;
				MARKETING_VERSION = 1.0;
				PRODUCT_BUNDLE_IDENTIFIER = "com.applications.laurinbraeunig.SAA-MedikamenteTests";
				PRODUCT_NAME = "$(TARGET_NAME)";
				SWIFT_EMIT_LOC_STRINGS = NO;
				SWIFT_VERSION = 5.0;
				TARGETED_DEVICE_FAMILY = "1,2";
				TEST_HOST = "$(BUILT_PRODUCTS_DIR)/SAA Medikamente.app/$(BUNDLE_EXECUTABLE_FOLDER_PATH)/SAA Medikamente";
			};
			name = Debug;
		};
		53087ECF2ADFDEE90073C8DB /* Release */ = {
			isa = XCBuildConfiguration;
			buildSettings = {
				ALWAYS_EMBED_SWIFT_STANDARD_LIBRARIES = YES;
				BUNDLE_LOADER = "$(TEST_HOST)";
				CODE_SIGN_STYLE = Automatic;
				CURRENT_PROJECT_VERSION = 1;
				DEVELOPMENT_TEAM = B3CB63D9M9;
				GENERATE_INFOPLIST_FILE = YES;
				IPHONEOS_DEPLOYMENT_TARGET = 17.0;
				MARKETING_VERSION = 1.0;
				PRODUCT_BUNDLE_IDENTIFIER = "com.applications.laurinbraeunig.SAA-MedikamenteTests";
				PRODUCT_NAME = "$(TARGET_NAME)";
				SWIFT_EMIT_LOC_STRINGS = NO;
				SWIFT_VERSION = 5.0;
				TARGETED_DEVICE_FAMILY = "1,2";
				TEST_HOST = "$(BUILT_PRODUCTS_DIR)/SAA Medikamente.app/$(BUNDLE_EXECUTABLE_FOLDER_PATH)/SAA Medikamente";
			};
			name = Release;
		};
		53087ED12ADFDEE90073C8DB /* Debug */ = {
			isa = XCBuildConfiguration;
			buildSettings = {
				ALWAYS_EMBED_SWIFT_STANDARD_LIBRARIES = YES;
				CODE_SIGN_STYLE = Automatic;
				CURRENT_PROJECT_VERSION = 1;
				DEVELOPMENT_TEAM = B3CB63D9M9;
				GENERATE_INFOPLIST_FILE = YES;
				MARKETING_VERSION = 1.0;
				PRODUCT_BUNDLE_IDENTIFIER = "com.applications.laurinbraeunig.SAA-MedikamenteUITests";
				PRODUCT_NAME = "$(TARGET_NAME)";
				SWIFT_EMIT_LOC_STRINGS = NO;
				SWIFT_VERSION = 5.0;
				TARGETED_DEVICE_FAMILY = "1,2";
				TEST_TARGET_NAME = "SAA Medikamente";
			};
			name = Debug;
		};
		53087ED22ADFDEE90073C8DB /* Release */ = {
			isa = XCBuildConfiguration;
			buildSettings = {
				ALWAYS_EMBED_SWIFT_STANDARD_LIBRARIES = YES;
				CODE_SIGN_STYLE = Automatic;
				CURRENT_PROJECT_VERSION = 1;
				DEVELOPMENT_TEAM = B3CB63D9M9;
				GENERATE_INFOPLIST_FILE = YES;
				MARKETING_VERSION = 1.0;
				PRODUCT_BUNDLE_IDENTIFIER = "com.applications.laurinbraeunig.SAA-MedikamenteUITests";
				PRODUCT_NAME = "$(TARGET_NAME)";
				SWIFT_EMIT_LOC_STRINGS = NO;
				SWIFT_VERSION = 5.0;
				TARGETED_DEVICE_FAMILY = "1,2";
				TEST_TARGET_NAME = "SAA Medikamente";
			};
			name = Release;
		};
/* End XCBuildConfiguration section */

/* Begin XCConfigurationList section */
		53087EA12ADFDEE80073C8DB /* Build configuration list for PBXProject "SAA Medikamente" */ = {
			isa = XCConfigurationList;
			buildConfigurations = (
				53087EC82ADFDEE90073C8DB /* Debug */,
				53087EC92ADFDEE90073C8DB /* Release */,
			);
			defaultConfigurationIsVisible = 0;
			defaultConfigurationName = Release;
		};
		53087ECA2ADFDEE90073C8DB /* Build configuration list for PBXNativeTarget "SAA Medikamente" */ = {
			isa = XCConfigurationList;
			buildConfigurations = (
				53087ECB2ADFDEE90073C8DB /* Debug */,
				53087ECC2ADFDEE90073C8DB /* Release */,
			);
			defaultConfigurationIsVisible = 0;
			defaultConfigurationName = Release;
		};
		53087ECD2ADFDEE90073C8DB /* Build configuration list for PBXNativeTarget "SAA MedikamenteTests" */ = {
			isa = XCConfigurationList;
			buildConfigurations = (
				53087ECE2ADFDEE90073C8DB /* Debug */,
				53087ECF2ADFDEE90073C8DB /* Release */,
			);
			defaultConfigurationIsVisible = 0;
			defaultConfigurationName = Release;
		};
		53087ED02ADFDEE90073C8DB /* Build configuration list for PBXNativeTarget "SAA MedikamenteUITests" */ = {
			isa = XCConfigurationList;
			buildConfigurations = (
				53087ED12ADFDEE90073C8DB /* Debug */,
				53087ED22ADFDEE90073C8DB /* Release */,
			);
			defaultConfigurationIsVisible = 0;
			defaultConfigurationName = Release;
		};
/* End XCConfigurationList section */
	};
	rootObject = 53087E9E2ADFDEE80073C8DB /* Project object */;
}
